
Microsoft Visual Studio Solution File, Format Version 12.00
# Visual Studio 15
VisualStudioVersion = 15.0.27130.2010
MinimumVisualStudioVersion = 10.0.40219.1
Project("{FAE04EC0-301F-11D3-BF4B-00C04F79EFBC}") = "platformerap", "platformerap\platformerap.csproj", "{EA64A8EB-CFE3-418E-A19B-3E3325417597}"
EndProject
Global
	GlobalSection(SolutionConfigurationPlatforms) = preSolution
		Debug|x86 = Debug|x86
		Release|x86 = Release|x86
	EndGlobalSection
	GlobalSection(ProjectConfigurationPlatforms) = postSolution
		{EA64A8EB-CFE3-418E-A19B-3E3325417597}.Debug|x86.ActiveCfg = Debug|x86
		{EA64A8EB-CFE3-418E-A19B-3E3325417597}.Debug|x86.Build.0 = Debug|x86
		{EA64A8EB-CFE3-418E-A19B-3E3325417597}.Release|x86.ActiveCfg = Release|x86
		{EA64A8EB-CFE3-418E-A19B-3E3325417597}.Release|x86.Build.0 = Release|x86
	EndGlobalSection
	GlobalSection(SolutionProperties) = preSolution
		HideSolutionNode = FALSE
	EndGlobalSection
	GlobalSection(ExtensibilityGlobals) = postSolution
		SolutionGuid = {2A02F0A4-7457-47FF-94B6-3A1DB591B9B8}
	EndGlobalSection
EndGlobal
